// !$*UTF8*$!
{
	archiveVersion = 1;
	classes = {
	};
	objectVersion = 56;
	objects = {

/* Begin PBXBuildFile section */
		971CB57A2C5A7FE0000585C9 /* generalGuide.swift in Sources */ = {isa = PBXBuildFile; fileRef = 971CB5792C5A7FE0000585C9 /* generalGuide.swift */; };
		971CB57C2C5A7FF8000585C9 /* airplaneGuide.swift in Sources */ = {isa = PBXBuildFile; fileRef = 971CB57B2C5A7FF8000585C9 /* airplaneGuide.swift */; };
		971CB57E2C5A801C000585C9 /* carGuide.swift in Sources */ = {isa = PBXBuildFile; fileRef = 971CB57D2C5A801C000585C9 /* carGuide.swift */; };
		971CB5802C5A92E9000585C9 /* walkingGuide.swift in Sources */ = {isa = PBXBuildFile; fileRef = 971CB57F2C5A92E8000585C9 /* walkingGuide.swift */; };
		971CB5822C5A9C8A000585C9 /* bikeGuide.swift in Sources */ = {isa = PBXBuildFile; fileRef = 971CB5812C5A9C8A000585C9 /* bikeGuide.swift */; };
		971CB5852C5BD136000585C9 /* DMSans-Italic-VariableFont_opsz,wght.ttf in Resources */ = {isa = PBXBuildFile; fileRef = 971CB5832C5BD135000585C9 /* DMSans-Italic-VariableFont_opsz,wght.ttf */; };
		971CB5862C5BD136000585C9 /* DMSans-VariableFont_opsz,wght.ttf in Resources */ = {isa = PBXBuildFile; fileRef = 971CB5842C5BD135000585C9 /* DMSans-VariableFont_opsz,wght.ttf */; };
		971CB5892C5BDF75000585C9 /* funFactGenerator.swift in Sources */ = {isa = PBXBuildFile; fileRef = 971CB5882C5BDF75000585C9 /* funFactGenerator.swift */; };
		971CB58B2C5BFB61000585C9 /* quizHome.swift in Sources */ = {isa = PBXBuildFile; fileRef = 971CB58A2C5BFB61000585C9 /* quizHome.swift */; };
		971CB58D2C5BFB8D000585C9 /* question1.swift in Sources */ = {isa = PBXBuildFile; fileRef = 971CB58C2C5BFB8D000585C9 /* question1.swift */; };
		971CB58F2C5BFBC0000585C9 /* question2.swift in Sources */ = {isa = PBXBuildFile; fileRef = 971CB58E2C5BFBC0000585C9 /* question2.swift */; };
		971CB5912C5BFBE3000585C9 /* question3.swift in Sources */ = {isa = PBXBuildFile; fileRef = 971CB5902C5BFBE3000585C9 /* question3.swift */; };
		971CB5932C5BFC00000585C9 /* question4.swift in Sources */ = {isa = PBXBuildFile; fileRef = 971CB5922C5BFC00000585C9 /* question4.swift */; };
		971CB5952C5BFC47000585C9 /* endQuiz.swift in Sources */ = {isa = PBXBuildFile; fileRef = 971CB5942C5BFC47000585C9 /* endQuiz.swift */; };
		971CB5972C5D1DAB000585C9 /* firstView.swift in Sources */ = {isa = PBXBuildFile; fileRef = 971CB5962C5D1DAB000585C9 /* firstView.swift */; };
		971CB5992C5D1DCF000585C9 /* secondView.swift in Sources */ = {isa = PBXBuildFile; fileRef = 971CB5982C5D1DCF000585C9 /* secondView.swift */; };
		971CB59B2C5D1E05000585C9 /* thirdView.swift in Sources */ = {isa = PBXBuildFile; fileRef = 971CB59A2C5D1E05000585C9 /* thirdView.swift */; };
		97DAE94E2C540F1900C23B54 /* FinalProjectApp.swift in Sources */ = {isa = PBXBuildFile; fileRef = 97DAE94D2C540F1900C23B54 /* FinalProjectApp.swift */; };
		97DAE9502C540F1900C23B54 /* ContentView.swift in Sources */ = {isa = PBXBuildFile; fileRef = 97DAE94F2C540F1900C23B54 /* ContentView.swift */; };
		97DAE9522C540F1F00C23B54 /* Assets.xcassets in Resources */ = {isa = PBXBuildFile; fileRef = 97DAE9512C540F1F00C23B54 /* Assets.xcassets */; };
		97DAE9562C540F1F00C23B54 /* Preview Assets.xcassets in Resources */ = {isa = PBXBuildFile; fileRef = 97DAE9552C540F1F00C23B54 /* Preview Assets.xcassets */; };
/* End PBXBuildFile section */

/* Begin PBXFileReference section */
		971CB5792C5A7FE0000585C9 /* generalGuide.swift */ = {isa = PBXFileReference; lastKnownFileType = sourcecode.swift; path = generalGuide.swift; sourceTree = "<group>"; };
		971CB57B2C5A7FF8000585C9 /* airplaneGuide.swift */ = {isa = PBXFileReference; lastKnownFileType = sourcecode.swift; path = airplaneGuide.swift; sourceTree = "<group>"; };
		971CB57D2C5A801C000585C9 /* carGuide.swift */ = {isa = PBXFileReference; lastKnownFileType = sourcecode.swift; path = carGuide.swift; sourceTree = "<group>"; };
		971CB57F2C5A92E8000585C9 /* walkingGuide.swift */ = {isa = PBXFileReference; lastKnownFileType = sourcecode.swift; path = walkingGuide.swift; sourceTree = "<group>"; };
		971CB5812C5A9C8A000585C9 /* bikeGuide.swift */ = {isa = PBXFileReference; lastKnownFileType = sourcecode.swift; path = bikeGuide.swift; sourceTree = "<group>"; };
		971CB5832C5BD135000585C9 /* DMSans-Italic-VariableFont_opsz,wght.ttf */ = {isa = PBXFileReference; lastKnownFileType = file; path = "DMSans-Italic-VariableFont_opsz,wght.ttf"; sourceTree = "<group>"; };
		971CB5842C5BD135000585C9 /* DMSans-VariableFont_opsz,wght.ttf */ = {isa = PBXFileReference; lastKnownFileType = file; path = "DMSans-VariableFont_opsz,wght.ttf"; sourceTree = "<group>"; };
		971CB5872C5BD187000585C9 /* Info.plist */ = {isa = PBXFileReference; lastKnownFileType = text.plist; path = Info.plist; sourceTree = "<group>"; };
		971CB5882C5BDF75000585C9 /* funFactGenerator.swift */ = {isa = PBXFileReference; lastKnownFileType = sourcecode.swift; path = funFactGenerator.swift; sourceTree = "<group>"; };
		971CB58A2C5BFB61000585C9 /* quizHome.swift */ = {isa = PBXFileReference; lastKnownFileType = sourcecode.swift; path = quizHome.swift; sourceTree = "<group>"; };
		971CB58C2C5BFB8D000585C9 /* question1.swift */ = {isa = PBXFileReference; lastKnownFileType = sourcecode.swift; path = question1.swift; sourceTree = "<group>"; };
		971CB58E2C5BFBC0000585C9 /* question2.swift */ = {isa = PBXFileReference; lastKnownFileType = sourcecode.swift; path = question2.swift; sourceTree = "<group>"; };
		971CB5902C5BFBE3000585C9 /* question3.swift */ = {isa = PBXFileReference; lastKnownFileType = sourcecode.swift; path = question3.swift; sourceTree = "<group>"; };
		971CB5922C5BFC00000585C9 /* question4.swift */ = {isa = PBXFileReference; lastKnownFileType = sourcecode.swift; path = question4.swift; sourceTree = "<group>"; };
		971CB5942C5BFC47000585C9 /* endQuiz.swift */ = {isa = PBXFileReference; lastKnownFileType = sourcecode.swift; path = endQuiz.swift; sourceTree = "<group>"; };
		971CB5962C5D1DAB000585C9 /* firstView.swift */ = {isa = PBXFileReference; lastKnownFileType = sourcecode.swift; path = firstView.swift; sourceTree = "<group>"; };
		971CB5982C5D1DCF000585C9 /* secondView.swift */ = {isa = PBXFileReference; lastKnownFileType = sourcecode.swift; path = secondView.swift; sourceTree = "<group>"; };
		971CB59A2C5D1E05000585C9 /* thirdView.swift */ = {isa = PBXFileReference; lastKnownFileType = sourcecode.swift; path = thirdView.swift; sourceTree = "<group>"; };
		97DAE94A2C540F1900C23B54 /* FinalProject.app */ = {isa = PBXFileReference; explicitFileType = wrapper.application; includeInIndex = 0; path = FinalProject.app; sourceTree = BUILT_PRODUCTS_DIR; };
		97DAE94D2C540F1900C23B54 /* FinalProjectApp.swift */ = {isa = PBXFileReference; lastKnownFileType = sourcecode.swift; path = FinalProjectApp.swift; sourceTree = "<group>"; };
		97DAE94F2C540F1900C23B54 /* ContentView.swift */ = {isa = PBXFileReference; lastKnownFileType = sourcecode.swift; path = ContentView.swift; sourceTree = "<group>"; };
		97DAE9512C540F1F00C23B54 /* Assets.xcassets */ = {isa = PBXFileReference; lastKnownFileType = folder.assetcatalog; path = Assets.xcassets; sourceTree = "<group>"; };
		97DAE9532C540F1F00C23B54 /* FinalProject.entitlements */ = {isa = PBXFileReference; lastKnownFileType = text.plist.entitlements; path = FinalProject.entitlements; sourceTree = "<group>"; };
		97DAE9552C540F1F00C23B54 /* Preview Assets.xcassets */ = {isa = PBXFileReference; lastKnownFileType = folder.assetcatalog; path = "Preview Assets.xcassets"; sourceTree = "<group>"; };
/* End PBXFileReference section */

/* Begin PBXFrameworksBuildPhase section */
		97DAE9472C540F1900C23B54 /* Frameworks */ = {
			isa = PBXFrameworksBuildPhase;
			buildActionMask = 2147483647;
			files = (
			);
			runOnlyForDeploymentPostprocessing = 0;
		};
/* End PBXFrameworksBuildPhase section */

/* Begin PBXGroup section */
		97DAE9412C540F1900C23B54 = {
			isa = PBXGroup;
			children = (
				971CB59A2C5D1E05000585C9 /* thirdView.swift */,
				971CB5982C5D1DCF000585C9 /* secondView.swift */,
				971CB5962C5D1DAB000585C9 /* firstView.swift */,
				971CB58A2C5BFB61000585C9 /* quizHome.swift */,
				971CB58C2C5BFB8D000585C9 /* question1.swift */,
				971CB58E2C5BFBC0000585C9 /* question2.swift */,
				971CB5902C5BFBE3000585C9 /* question3.swift */,
				971CB5922C5BFC00000585C9 /* question4.swift */,
				971CB5942C5BFC47000585C9 /* endQuiz.swift */,
				97DAE94C2C540F1900C23B54 /* FinalProject */,
				97DAE94B2C540F1900C23B54 /* Products */,
			);
			sourceTree = "<group>";
		};
		97DAE94B2C540F1900C23B54 /* Products */ = {
			isa = PBXGroup;
			children = (
				97DAE94A2C540F1900C23B54 /* FinalProject.app */,
			);
			name = Products;
			sourceTree = "<group>";
		};
		97DAE94C2C540F1900C23B54 /* FinalProject */ = {
			isa = PBXGroup;
			children = (
				971CB5872C5BD187000585C9 /* Info.plist */,
				97DAE94D2C540F1900C23B54 /* FinalProjectApp.swift */,
				97DAE94F2C540F1900C23B54 /* ContentView.swift */,
				971CB5882C5BDF75000585C9 /* funFactGenerator.swift */,
				971CB5812C5A9C8A000585C9 /* bikeGuide.swift */,
				971CB57F2C5A92E8000585C9 /* walkingGuide.swift */,
				971CB57D2C5A801C000585C9 /* carGuide.swift */,
				971CB57B2C5A7FF8000585C9 /* airplaneGuide.swift */,
				971CB5792C5A7FE0000585C9 /* generalGuide.swift */,
				971CB5832C5BD135000585C9 /* DMSans-Italic-VariableFont_opsz,wght.ttf */,
				971CB5842C5BD135000585C9 /* DMSans-VariableFont_opsz,wght.ttf */,
				97DAE9512C540F1F00C23B54 /* Assets.xcassets */,
				97DAE9532C540F1F00C23B54 /* FinalProject.entitlements */,
				97DAE9542C540F1F00C23B54 /* Preview Content */,
			);
			path = FinalProject;
			sourceTree = "<group>";
		};
		97DAE9542C540F1F00C23B54 /* Preview Content */ = {
			isa = PBXGroup;
			children = (
				97DAE9552C540F1F00C23B54 /* Preview Assets.xcassets */,
			);
			path = "Preview Content";
			sourceTree = "<group>";
		};
/* End PBXGroup section */

/* Begin PBXNativeTarget section */
		97DAE9492C540F1900C23B54 /* FinalProject */ = {
			isa = PBXNativeTarget;
			buildConfigurationList = 97DAE9592C540F1F00C23B54 /* Build configuration list for PBXNativeTarget "FinalProject" */;
			buildPhases = (
				97DAE9462C540F1900C23B54 /* Sources */,
				97DAE9472C540F1900C23B54 /* Frameworks */,
				97DAE9482C540F1900C23B54 /* Resources */,
			);
			buildRules = (
			);
			dependencies = (
			);
			name = FinalProject;
			productName = FinalProject;
			productReference = 97DAE94A2C540F1900C23B54 /* FinalProject.app */;
			productType = "com.apple.product-type.application";
		};
/* End PBXNativeTarget section */

/* Begin PBXProject section */
		97DAE9422C540F1900C23B54 /* Project object */ = {
			isa = PBXProject;
			attributes = {
				BuildIndependentTargetsInParallel = 1;
				LastSwiftUpdateCheck = 1540;
				LastUpgradeCheck = 1540;
				TargetAttributes = {
					97DAE9492C540F1900C23B54 = {
						CreatedOnToolsVersion = 15.4;
					};
				};
			};
			buildConfigurationList = 97DAE9452C540F1900C23B54 /* Build configuration list for PBXProject "FinalProject" */;
			compatibilityVersion = "Xcode 14.0";
			developmentRegion = en;
			hasScannedForEncodings = 0;
			knownRegions = (
				en,
				Base,
			);
			mainGroup = 97DAE9412C540F1900C23B54;
			productRefGroup = 97DAE94B2C540F1900C23B54 /* Products */;
			projectDirPath = "";
			projectRoot = "";
			targets = (
				97DAE9492C540F1900C23B54 /* FinalProject */,
			);
		};
/* End PBXProject section */

/* Begin PBXResourcesBuildPhase section */
		97DAE9482C540F1900C23B54 /* Resources */ = {
			isa = PBXResourcesBuildPhase;
			buildActionMask = 2147483647;
			files = (
				97DAE9562C540F1F00C23B54 /* Preview Assets.xcassets in Resources */,
				97DAE9522C540F1F00C23B54 /* Assets.xcassets in Resources */,
				971CB5862C5BD136000585C9 /* DMSans-VariableFont_opsz,wght.ttf in Resources */,
				971CB5852C5BD136000585C9 /* DMSans-Italic-VariableFont_opsz,wght.ttf in Resources */,
			);
			runOnlyForDeploymentPostprocessing = 0;
		};
/* End PBXResourcesBuildPhase section */

/* Begin PBXSourcesBuildPhase section */
		97DAE9462C540F1900C23B54 /* Sources */ = {
			isa = PBXSourcesBuildPhase;
			buildActionMask = 2147483647;
			files = (
				971CB57C2C5A7FF8000585C9 /* airplaneGuide.swift in Sources */,
				971CB57E2C5A801C000585C9 /* carGuide.swift in Sources */,
				971CB5992C5D1DCF000585C9 /* secondView.swift in Sources */,
				971CB5952C5BFC47000585C9 /* endQuiz.swift in Sources */,
				971CB57A2C5A7FE0000585C9 /* generalGuide.swift in Sources */,
				971CB59B2C5D1E05000585C9 /* thirdView.swift in Sources */,
				971CB5972C5D1DAB000585C9 /* firstView.swift in Sources */,
				971CB58F2C5BFBC0000585C9 /* question2.swift in Sources */,
				97DAE9502C540F1900C23B54 /* ContentView.swift in Sources */,
				971CB58B2C5BFB61000585C9 /* quizHome.swift in Sources */,
				971CB5802C5A92E9000585C9 /* walkingGuide.swift in Sources */,
				971CB5822C5A9C8A000585C9 /* bikeGuide.swift in Sources */,
				97DAE94E2C540F1900C23B54 /* FinalProjectApp.swift in Sources */,
				971CB5912C5BFBE3000585C9 /* question3.swift in Sources */,
				971CB5892C5BDF75000585C9 /* funFactGenerator.swift in Sources */,
				971CB58D2C5BFB8D000585C9 /* question1.swift in Sources */,
				971CB5932C5BFC00000585C9 /* question4.swift in Sources */,
			);
			runOnlyForDeploymentPostprocessing = 0;
		};
/* End PBXSourcesBuildPhase section */

/* Begin XCBuildConfiguration section */
		97DAE9572C540F1F00C23B54 /* Debug */ = {
			isa = XCBuildConfiguration;
			buildSettings = {
				ALWAYS_SEARCH_USER_PATHS = NO;
				ASSETCATALOG_COMPILER_GENERATE_SWIFT_ASSET_SYMBOL_EXTENSIONS = YES;
				CLANG_ANALYZER_NONNULL = YES;
				CLANG_ANALYZER_NUMBER_OBJECT_CONVERSION = YES_AGGRESSIVE;
				CLANG_CXX_LANGUAGE_STANDARD = "gnu++20";
				CLANG_ENABLE_MODULES = YES;
				CLANG_ENABLE_OBJC_ARC = YES;
				CLANG_ENABLE_OBJC_WEAK = YES;
				CLANG_WARN_BLOCK_CAPTURE_AUTORELEASING = YES;
				CLANG_WARN_BOOL_CONVERSION = YES;
				CLANG_WARN_COMMA = YES;
				CLANG_WARN_CONSTANT_CONVERSION = YES;
				CLANG_WARN_DEPRECATED_OBJC_IMPLEMENTATIONS = YES;
				CLANG_WARN_DIRECT_OBJC_ISA_USAGE = YES_ERROR;
				CLANG_WARN_DOCUMENTATION_COMMENTS = YES;
				CLANG_WARN_EMPTY_BODY = YES;
				CLANG_WARN_ENUM_CONVERSION = YES;
				CLANG_WARN_INFINITE_RECURSION = YES;
				CLANG_WARN_INT_CONVERSION = YES;
				CLANG_WARN_NON_LITERAL_NULL_CONVERSION = YES;
				CLANG_WARN_OBJC_IMPLICIT_RETAIN_SELF = YES;
				CLANG_WARN_OBJC_LITERAL_CONVERSION = YES;
				CLANG_WARN_OBJC_ROOT_CLASS = YES_ERROR;
				CLANG_WARN_QUOTED_INCLUDE_IN_FRAMEWORK_HEADER = YES;
				CLANG_WARN_RANGE_LOOP_ANALYSIS = YES;
				CLANG_WARN_STRICT_PROTOTYPES = YES;
				CLANG_WARN_SUSPICIOUS_MOVE = YES;
				CLANG_WARN_UNGUARDED_AVAILABILITY = YES_AGGRESSIVE;
				CLANG_WARN_UNREACHABLE_CODE = YES;
				CLANG_WARN__DUPLICATE_METHOD_MATCH = YES;
				COPY_PHASE_STRIP = NO;
				DEBUG_INFORMATION_FORMAT = dwarf;
				ENABLE_STRICT_OBJC_MSGSEND = YES;
				ENABLE_TESTABILITY = YES;
				ENABLE_USER_SCRIPT_SANDBOXING = YES;
				GCC_C_LANGUAGE_STANDARD = gnu17;
				GCC_DYNAMIC_NO_PIC = NO;
				GCC_NO_COMMON_BLOCKS = YES;
				GCC_OPTIMIZATION_LEVEL = 0;
				GCC_PREPROCESSOR_DEFINITIONS = (
					"DEBUG=1",
					"$(inherited)",
				);
				GCC_WARN_64_TO_32_BIT_CONVERSION = YES;
				GCC_WARN_ABOUT_RETURN_TYPE = YES_ERROR;
				GCC_WARN_UNDECLARED_SELECTOR = YES;
				GCC_WARN_UNINITIALIZED_AUTOS = YES_AGGRESSIVE;
				GCC_WARN_UNUSED_FUNCTION = YES;
				GCC_WARN_UNUSED_VARIABLE = YES;
				LOCALIZATION_PREFERS_STRING_CATALOGS = YES;
				MTL_ENABLE_DEBUG_INFO = INCLUDE_SOURCE;
				MTL_FAST_MATH = YES;
				ONLY_ACTIVE_ARCH = YES;
				SWIFT_ACTIVE_COMPILATION_CONDITIONS = "DEBUG $(inherited)";
				SWIFT_OPTIMIZATION_LEVEL = "-Onone";
			};
			name = Debug;
		};
		97DAE9582C540F1F00C23B54 /* Release */ = {
			isa = XCBuildConfiguration;
			buildSettings = {
				ALWAYS_SEARCH_USER_PATHS = NO;
				ASSETCATALOG_COMPILER_GENERATE_SWIFT_ASSET_SYMBOL_EXTENSIONS = YES;
				CLANG_ANALYZER_NONNULL = YES;
				CLANG_ANALYZER_NUMBER_OBJECT_CONVERSION = YES_AGGRESSIVE;
				CLANG_CXX_LANGUAGE_STANDARD = "gnu++20";
				CLANG_ENABLE_MODULES = YES;
				CLANG_ENABLE_OBJC_ARC = YES;
				CLANG_ENABLE_OBJC_WEAK = YES;
				CLANG_WARN_BLOCK_CAPTURE_AUTORELEASING = YES;
				CLANG_WARN_BOOL_CONVERSION = YES;
				CLANG_WARN_COMMA = YES;
				CLANG_WARN_CONSTANT_CONVERSION = YES;
				CLANG_WARN_DEPRECATED_OBJC_IMPLEMENTATIONS = YES;
				CLANG_WARN_DIRECT_OBJC_ISA_USAGE = YES_ERROR;
				CLANG_WARN_DOCUMENTATION_COMMENTS = YES;
				CLANG_WARN_EMPTY_BODY = YES;
				CLANG_WARN_ENUM_CONVERSION = YES;
				CLANG_WARN_INFINITE_RECURSION = YES;
				CLANG_WARN_INT_CONVERSION = YES;
				CLANG_WARN_NON_LITERAL_NULL_CONVERSION = YES;
				CLANG_WARN_OBJC_IMPLICIT_RETAIN_SELF = YES;
				CLANG_WARN_OBJC_LITERAL_CONVERSION = YES;
				CLANG_WARN_OBJC_ROOT_CLASS = YES_ERROR;
				CLANG_WARN_QUOTED_INCLUDE_IN_FRAMEWORK_HEADER = YES;
				CLANG_WARN_RANGE_LOOP_ANALYSIS = YES;
				CLANG_WARN_STRICT_PROTOTYPES = YES;
				CLANG_WARN_SUSPICIOUS_MOVE = YES;
				CLANG_WARN_UNGUARDED_AVAILABILITY = YES_AGGRESSIVE;
				CLANG_WARN_UNREACHABLE_CODE = YES;
				CLANG_WARN__DUPLICATE_METHOD_MATCH = YES;
				COPY_PHASE_STRIP = NO;
				DEBUG_INFORMATION_FORMAT = "dwarf-with-dsym";
				ENABLE_NS_ASSERTIONS = NO;
				ENABLE_STRICT_OBJC_MSGSEND = YES;
				ENABLE_USER_SCRIPT_SANDBOXING = YES;
				GCC_C_LANGUAGE_STANDARD = gnu17;
				GCC_NO_COMMON_BLOCKS = YES;
				GCC_WARN_64_TO_32_BIT_CONVERSION = YES;
				GCC_WARN_ABOUT_RETURN_TYPE = YES_ERROR;
				GCC_WARN_UNDECLARED_SELECTOR = YES;
				GCC_WARN_UNINITIALIZED_AUTOS = YES_AGGRESSIVE;
				GCC_WARN_UNUSED_FUNCTION = YES;
				GCC_WARN_UNUSED_VARIABLE = YES;
				LOCALIZATION_PREFERS_STRING_CATALOGS = YES;
				MTL_ENABLE_DEBUG_INFO = NO;
				MTL_FAST_MATH = YES;
				SWIFT_COMPILATION_MODE = wholemodule;
			};
			name = Release;
		};
		97DAE95A2C540F1F00C23B54 /* Debug */ = {
			isa = XCBuildConfiguration;
			buildSettings = {
				ASSETCATALOG_COMPILER_APPICON_NAME = AppIcon;
				ASSETCATALOG_COMPILER_GLOBAL_ACCENT_COLOR_NAME = AccentColor;
				CODE_SIGN_ENTITLEMENTS = FinalProject/FinalProject.entitlements;
				CODE_SIGN_STYLE = Automatic;
				CURRENT_PROJECT_VERSION = 1;
				DEVELOPMENT_ASSET_PATHS = "\"FinalProject/Preview Content\"";
				ENABLE_PREVIEWS = YES;
				GENERATE_INFOPLIST_FILE = YES;
				INFOPLIST_FILE = FinalProject/Info.plist;
				"INFOPLIST_KEY_UIApplicationSceneManifest_Generation[sdk=iphoneos*]" = YES;
				"INFOPLIST_KEY_UIApplicationSceneManifest_Generation[sdk=iphonesimulator*]" = YES;
				"INFOPLIST_KEY_UIApplicationSupportsIndirectInputEvents[sdk=iphoneos*]" = YES;
				"INFOPLIST_KEY_UIApplicationSupportsIndirectInputEvents[sdk=iphonesimulator*]" = YES;
				"INFOPLIST_KEY_UILaunchScreen_Generation[sdk=iphoneos*]" = YES;
				"INFOPLIST_KEY_UILaunchScreen_Generation[sdk=iphonesimulator*]" = YES;
				"INFOPLIST_KEY_UIStatusBarStyle[sdk=iphoneos*]" = UIStatusBarStyleDefault;
				"INFOPLIST_KEY_UIStatusBarStyle[sdk=iphonesimulator*]" = UIStatusBarStyleDefault;
				INFOPLIST_KEY_UISupportedInterfaceOrientations_iPad = "UIInterfaceOrientationPortrait UIInterfaceOrientationPortraitUpsideDown UIInterfaceOrientationLandscapeLeft UIInterfaceOrientationLandscapeRight";
				INFOPLIST_KEY_UISupportedInterfaceOrientations_iPhone = "UIInterfaceOrientationPortrait UIInterfaceOrientationLandscapeLeft UIInterfaceOrientationLandscapeRight";
				IPHONEOS_DEPLOYMENT_TARGET = 17.5;
				LD_RUNPATH_SEARCH_PATHS = "@executable_path/Frameworks";
				"LD_RUNPATH_SEARCH_PATHS[sdk=macosx*]" = "@executable_path/../Frameworks";
				MACOSX_DEPLOYMENT_TARGET = 14.5;
				MARKETING_VERSION = 1.0;
				PRODUCT_BUNDLE_IDENTIFIER = kwk.FinalProject;
				PRODUCT_NAME = "$(TARGET_NAME)";
				SDKROOT = auto;
				SUPPORTED_PLATFORMS = "iphoneos iphonesimulator macosx";
				SWIFT_EMIT_LOC_STRINGS = YES;
				SWIFT_VERSION = 5.0;
				TARGETED_DEVICE_FAMILY = "1,2";
			};
			name = Debug;
		};
		97DAE95B2C540F1F00C23B54 /* Release */ = {
			isa = XCBuildConfiguration;
			buildSettings = {
				ASSETCATALOG_COMPILER_APPICON_NAME = AppIcon;
				ASSETCATALOG_COMPILER_GLOBAL_ACCENT_COLOR_NAME = AccentColor;
				CODE_SIGN_ENTITLEMENTS = FinalProject/FinalProject.entitlements;
				CODE_SIGN_STYLE = Automatic;
				CURRENT_PROJECT_VERSION = 1;
				DEVELOPMENT_ASSET_PATHS = "\"FinalProject/Preview Content\"";
				ENABLE_PREVIEWS = YES;
				GENERATE_INFOPLIST_FILE = YES;
				INFOPLIST_FILE = FinalProject/Info.plist;
				"INFOPLIST_KEY_UIApplicationSceneManifest_Generation[sdk=iphoneos*]" = YES;
				"INFOPLIST_KEY_UIApplicationSceneManifest_Generation[sdk=iphonesimulator*]" = YES;
				"INFOPLIST_KEY_UIApplicationSupportsIndirectInputEvents[sdk=iphoneos*]" = YES;
				"INFOPLIST_KEY_UIApplicationSupportsIndirectInputEvents[sdk=iphonesimulator*]" = YES;
				"INFOPLIST_KEY_UILaunchScreen_Generation[sdk=iphoneos*]" = YES;
				"INFOPLIST_KEY_UILaunchScreen_Generation[sdk=iphonesimulator*]" = YES;
				"INFOPLIST_KEY_UIStatusBarStyle[sdk=iphoneos*]" = UIStatusBarStyleDefault;
				"INFOPLIST_KEY_UIStatusBarStyle[sdk=iphonesimulator*]" = UIStatusBarStyleDefault;
				INFOPLIST_KEY_UISupportedInterfaceOrientations_iPad = "UIInterfaceOrientationPortrait UIInterfaceOrientationPortraitUpsideDown UIInterfaceOrientationLandscapeLeft UIInterfaceOrientationLandscapeRight";
				INFOPLIST_KEY_UISupportedInterfaceOrientations_iPhone = "UIInterfaceOrientationPortrait UIInterfaceOrientationLandscapeLeft UIInterfaceOrientationLandscapeRight";
				IPHONEOS_DEPLOYMENT_TARGET = 17.5;
				LD_RUNPATH_SEARCH_PATHS = "@executable_path/Frameworks";
				"LD_RUNPATH_SEARCH_PATHS[sdk=macosx*]" = "@executable_path/../Frameworks";
				MACOSX_DEPLOYMENT_TARGET = 14.5;
				MARKETING_VERSION = 1.0;
				PRODUCT_BUNDLE_IDENTIFIER = kwk.FinalProject;
				PRODUCT_NAME = "$(TARGET_NAME)";
				SDKROOT = auto;
				SUPPORTED_PLATFORMS = "iphoneos iphonesimulator macosx";
				SWIFT_EMIT_LOC_STRINGS = YES;
				SWIFT_VERSION = 5.0;
				TARGETED_DEVICE_FAMILY = "1,2";
			};
			name = Release;
		};
/* End XCBuildConfiguration section */

/* Begin XCConfigurationList section */
		97DAE9452C540F1900C23B54 /* Build configuration list for PBXProject "FinalProject" */ = {
			isa = XCConfigurationList;
			buildConfigurations = (
				97DAE9572C540F1F00C23B54 /* Debug */,
				97DAE9582C540F1F00C23B54 /* Release */,
			);
			defaultConfigurationIsVisible = 0;
			defaultConfigurationName = Release;
		};
		97DAE9592C540F1F00C23B54 /* Build configuration list for PBXNativeTarget "FinalProject" */ = {
			isa = XCConfigurationList;
			buildConfigurations = (
				97DAE95A2C540F1F00C23B54 /* Debug */,
				97DAE95B2C540F1F00C23B54 /* Release */,
			);
			defaultConfigurationIsVisible = 0;
			defaultConfigurationName = Release;
		};
/* End XCConfigurationList section */
	};
	rootObject = 97DAE9422C540F1900C23B54 /* Project object */;
}
